
Microsoft Visual Studio Solution File, Format Version 12.00
# Visual Studio Version 16
VisualStudioVersion = 16.0.29519.181
MinimumVisualStudioVersion = 10.0.40219.1
Project("{9A19103F-16F7-4668-BE54-9A1E7A4F7556}") = "CQRS_Simple.Products.API", "CQRS_Simple.Products.API\CQRS_Simple.Products.API.csproj", "{0B262E43-DCAD-4FB5-B394-E4DEE455C605}"
EndProject
Project("{9A19103F-16F7-4668-BE54-9A1E7A4F7556}") = "CQRS_Simple.Core", "CQRS_Simple.Core\CQRS_Simple.Core.csproj", "{14AB059D-1475-4A91-AAF4-312FCB265E81}"
EndProject
Project("{2150E333-8FDC-42A3-9474-1A3956D46DE8}") = "Core", "Core", "{31A46403-BFDD-499A-8EC2-2EABDC096A47}"
EndProject
Project("{2150E333-8FDC-42A3-9474-1A3956D46DE8}") = "API", "API", "{439AFE5F-24A5-4F70-9BEC-690E124C5D30}"
EndProject
Project("{9A19103F-16F7-4668-BE54-9A1E7A4F7556}") = "CQRS_Simple.Tests", "CQRS_Simple.Tests\CQRS_Simple.Tests.csproj", "{824FCC5C-EE42-4AD8-8B00-DBC98EFA75A7}"
EndProject
Project("{2150E333-8FDC-42A3-9474-1A3956D46DE8}") = "Tests", "Tests", "{D9CAEA84-A31D-477F-9815-07150F866D14}"
EndProject
Global
	GlobalSection(SolutionConfigurationPlatforms) = preSolution
		Debug|Any CPU = Debug|Any CPU
		Release|Any CPU = Release|Any CPU
	EndGlobalSection
	GlobalSection(ProjectConfigurationPlatforms) = postSolution
		{0B262E43-DCAD-4FB5-B394-E4DEE455C605}.Debug|Any CPU.ActiveCfg = Debug|Any CPU
		{0B262E43-DCAD-4FB5-B394-E4DEE455C605}.Debug|Any CPU.Build.0 = Debug|Any CPU
		{0B262E43-DCAD-4FB5-B394-E4DEE455C605}.Release|Any CPU.ActiveCfg = Release|Any CPU
		{0B262E43-DCAD-4FB5-B394-E4DEE455C605}.Release|Any CPU.Build.0 = Release|Any CPU
		{14AB059D-1475-4A91-AAF4-312FCB265E81}.Debug|Any CPU.ActiveCfg = Debug|Any CPU
		{14AB059D-1475-4A91-AAF4-312FCB265E81}.Debug|Any CPU.Build.0 = Debug|Any CPU
		{14AB059D-1475-4A91-AAF4-312FCB265E81}.Release|Any CPU.ActiveCfg = Release|Any CPU
		{14AB059D-1475-4A91-AAF4-312FCB265E81}.Release|Any CPU.Build.0 = Release|Any CPU
		{824FCC5C-EE42-4AD8-8B00-DBC98EFA75A7}.Debug|Any CPU.ActiveCfg = Debug|Any CPU
		{824FCC5C-EE42-4AD8-8B00-DBC98EFA75A7}.Debug|Any CPU.Build.0 = Debug|Any CPU
		{824FCC5C-EE42-4AD8-8B00-DBC98EFA75A7}.Release|Any CPU.ActiveCfg = Release|Any CPU
		{824FCC5C-EE42-4AD8-8B00-DBC98EFA75A7}.Release|Any CPU.Build.0 = Release|Any CPU
	EndGlobalSection
	GlobalSection(SolutionProperties) = preSolution
		HideSolutionNode = FALSE
	EndGlobalSection
	GlobalSection(NestedProjects) = preSolution
		{0B262E43-DCAD-4FB5-B394-E4DEE455C605} = {439AFE5F-24A5-4F70-9BEC-690E124C5D30}
		{14AB059D-1475-4A91-AAF4-312FCB265E81} = {31A46403-BFDD-499A-8EC2-2EABDC096A47}
		{824FCC5C-EE42-4AD8-8B00-DBC98EFA75A7} = {D9CAEA84-A31D-477F-9815-07150F866D14}
	EndGlobalSection
	GlobalSection(ExtensibilityGlobals) = postSolution
		SolutionGuid = {3BA00842-BEC3-4017-A48A-8EB7D8B1D18A}
	EndGlobalSection
EndGlobal
