
Microsoft Visual Studio Solution File, Format Version 12.00
# Visual Studio Version 16
VisualStudioVersion = 16.0.29519.181
MinimumVisualStudioVersion = 10.0.40219.1
Project("{FAE04EC0-301F-11D3-BF4B-00C04F79EFBC}") = "CQRS_Simple.API", "CQRS_Simple.API\CQRS_Simple.API.csproj", "{0B262E43-DCAD-4FB5-B394-E4DEE455C605}"
EndProject
Project("{FAE04EC0-301F-11D3-BF4B-00C04F79EFBC}") = "CQRS_Simple.Domain", "CQRS_Simple.Domain\CQRS_Simple.Domain.csproj", "{D3EA4B65-1A8C-4F16-ABF9-837CDBD78CB5}"
EndProject
Project("{FAE04EC0-301F-11D3-BF4B-00C04F79EFBC}") = "CQRS_Simple.Infrastructure", "CQRS_Simple.Infrastructure\CQRS_Simple.Infrastructure.csproj", "{14AB059D-1475-4A91-AAF4-312FCB265E81}"
EndProject
Global
	GlobalSection(SolutionConfigurationPlatforms) = preSolution
		Debug|Any CPU = Debug|Any CPU
		Release|Any CPU = Release|Any CPU
	EndGlobalSection
	GlobalSection(ProjectConfigurationPlatforms) = postSolution
		{0B262E43-DCAD-4FB5-B394-E4DEE455C605}.Debug|Any CPU.ActiveCfg = Debug|Any CPU
		{0B262E43-DCAD-4FB5-B394-E4DEE455C605}.Debug|Any CPU.Build.0 = Debug|Any CPU
		{0B262E43-DCAD-4FB5-B394-E4DEE455C605}.Release|Any CPU.ActiveCfg = Release|Any CPU
		{0B262E43-DCAD-4FB5-B394-E4DEE455C605}.Release|Any CPU.Build.0 = Release|Any CPU
		{D3EA4B65-1A8C-4F16-ABF9-837CDBD78CB5}.Debug|Any CPU.ActiveCfg = Debug|Any CPU
		{D3EA4B65-1A8C-4F16-ABF9-837CDBD78CB5}.Debug|Any CPU.Build.0 = Debug|Any CPU
		{D3EA4B65-1A8C-4F16-ABF9-837CDBD78CB5}.Release|Any CPU.ActiveCfg = Release|Any CPU
		{D3EA4B65-1A8C-4F16-ABF9-837CDBD78CB5}.Release|Any CPU.Build.0 = Release|Any CPU
		{14AB059D-1475-4A91-AAF4-312FCB265E81}.Debug|Any CPU.ActiveCfg = Debug|Any CPU
		{14AB059D-1475-4A91-AAF4-312FCB265E81}.Debug|Any CPU.Build.0 = Debug|Any CPU
		{14AB059D-1475-4A91-AAF4-312FCB265E81}.Release|Any CPU.ActiveCfg = Release|Any CPU
		{14AB059D-1475-4A91-AAF4-312FCB265E81}.Release|Any CPU.Build.0 = Release|Any CPU
	EndGlobalSection
	GlobalSection(SolutionProperties) = preSolution
		HideSolutionNode = FALSE
	EndGlobalSection
	GlobalSection(ExtensibilityGlobals) = postSolution
		SolutionGuid = {3BA00842-BEC3-4017-A48A-8EB7D8B1D18A}
	EndGlobalSection
EndGlobal
